dependencies:
- name: kube-prometheus-stack
  repository: https://prometheus-community.github.io/helm-charts
  version: 75.0.0
- name: grafana
  repository: https://grafana.github.io/helm-charts
  version: 8.5.12
digest: sha256:0d81f4c9fa5d0fa7c39133e305ab6185057919cd74163bcfb4aed254fe5ee29d
generated: "2025-12-05T20:43:28.629548198+01:00"
